
Microsoft Visual Studio Solution File, Format Version 12.00
Project("{FAE04EC0-301F-11D3-BF4B-00C04F79EFBC}") = "SignalR_Demo.Names", "SignalR_Demo.Names\SignalR_Demo.Names.csproj", "{18940989-C0C5-4A7C-9FAB-6A0B6254B7C9}"
EndProject
Project("{2150E333-8FDC-42A3-9474-1A3956D46DE8}") = "Clients", "Clients", "{0B236E60-00B2-4EA7-B8FF-482B925EC3A9}"
EndProject
Project("{FAE04EC0-301F-11D3-BF4B-00C04F79EFBC}") = "SignalR_Demo.WPF_Client", "SignalR_Demo.WPF_Client\SignalR_Demo.WPF_Client.csproj", "{50489F52-C3FD-46D1-BA25-C40A5DD5C5EC}"
EndProject
Project("{FAE04EC0-301F-11D3-BF4B-00C04F79EFBC}") = "SignalR_Demo.Console_Client", "SignalR_Demo.Console_Client\SignalR_Demo.Console_Client.csproj", "{99AA81CA-3D9F-4E9A-BD94-4D1BB89E8A74}"
EndProject
Project("{2150E333-8FDC-42A3-9474-1A3956D46DE8}") = "Server", "Server", "{C8F95162-4F8F-4376-BF0A-675E7BEB6600}"
EndProject
Project("{FAE04EC0-301F-11D3-BF4B-00C04F79EFBC}") = "SignalR_Demo.Server", "SignalR_Demo.Server\SignalR_Demo.Server.csproj", "{47849026-2FCB-4C84-B3C9-CC1D415D47E8}"
EndProject
Global
	GlobalSection(SolutionConfigurationPlatforms) = preSolution
		Debug|Any CPU = Debug|Any CPU
		Release|Any CPU = Release|Any CPU
	EndGlobalSection
	GlobalSection(ProjectConfigurationPlatforms) = postSolution
		{18940989-C0C5-4A7C-9FAB-6A0B6254B7C9}.Debug|Any CPU.ActiveCfg = Debug|Any CPU
		{18940989-C0C5-4A7C-9FAB-6A0B6254B7C9}.Debug|Any CPU.Build.0 = Debug|Any CPU
		{18940989-C0C5-4A7C-9FAB-6A0B6254B7C9}.Release|Any CPU.ActiveCfg = Release|Any CPU
		{18940989-C0C5-4A7C-9FAB-6A0B6254B7C9}.Release|Any CPU.Build.0 = Release|Any CPU
		{50489F52-C3FD-46D1-BA25-C40A5DD5C5EC}.Debug|Any CPU.ActiveCfg = Debug|Any CPU
		{50489F52-C3FD-46D1-BA25-C40A5DD5C5EC}.Debug|Any CPU.Build.0 = Debug|Any CPU
		{50489F52-C3FD-46D1-BA25-C40A5DD5C5EC}.Release|Any CPU.ActiveCfg = Release|Any CPU
		{50489F52-C3FD-46D1-BA25-C40A5DD5C5EC}.Release|Any CPU.Build.0 = Release|Any CPU
		{99AA81CA-3D9F-4E9A-BD94-4D1BB89E8A74}.Debug|Any CPU.ActiveCfg = Debug|Any CPU
		{99AA81CA-3D9F-4E9A-BD94-4D1BB89E8A74}.Debug|Any CPU.Build.0 = Debug|Any CPU
		{99AA81CA-3D9F-4E9A-BD94-4D1BB89E8A74}.Release|Any CPU.ActiveCfg = Release|Any CPU
		{99AA81CA-3D9F-4E9A-BD94-4D1BB89E8A74}.Release|Any CPU.Build.0 = Release|Any CPU
		{47849026-2FCB-4C84-B3C9-CC1D415D47E8}.Debug|Any CPU.ActiveCfg = Debug|Any CPU
		{47849026-2FCB-4C84-B3C9-CC1D415D47E8}.Debug|Any CPU.Build.0 = Debug|Any CPU
		{47849026-2FCB-4C84-B3C9-CC1D415D47E8}.Release|Any CPU.ActiveCfg = Release|Any CPU
		{47849026-2FCB-4C84-B3C9-CC1D415D47E8}.Release|Any CPU.Build.0 = Release|Any CPU
	EndGlobalSection
	GlobalSection(NestedProjects) = preSolution
		{50489F52-C3FD-46D1-BA25-C40A5DD5C5EC} = {0B236E60-00B2-4EA7-B8FF-482B925EC3A9}
		{99AA81CA-3D9F-4E9A-BD94-4D1BB89E8A74} = {0B236E60-00B2-4EA7-B8FF-482B925EC3A9}
		{47849026-2FCB-4C84-B3C9-CC1D415D47E8} = {C8F95162-4F8F-4376-BF0A-675E7BEB6600}
	EndGlobalSection
EndGlobal
